
Microsoft Visual Studio Solution File, Format Version 11.00
# Visual Studio 2010
Project("{FAE04EC0-301F-11D3-BF4B-00C04F79EFBC}") = "Assembly-CSharp", "Assembly-CSharp.csproj", "{f98a6703-420f-2136-fb50-b97d41f7877b}"
EndProject
Project("{FAE04EC0-301F-11D3-BF4B-00C04F79EFBC}") = "Assembly-CSharp-Editor", "Assembly-CSharp-Editor.csproj", "{13626026-0c8f-d888-f9cc-debd75c3b6e4}"
EndProject
Global
	GlobalSection(SolutionConfigurationPlatforms) = preSolution
		Debug|Any CPU = Debug|Any CPU
	EndGlobalSection
	GlobalSection(ProjectConfigurationPlatforms) = postSolution
		{f98a6703-420f-2136-fb50-b97d41f7877b}.Debug|Any CPU.ActiveCfg = Debug|Any CPU
		{f98a6703-420f-2136-fb50-b97d41f7877b}.Debug|Any CPU.Build.0 = Debug|Any CPU
		{13626026-0c8f-d888-f9cc-debd75c3b6e4}.Debug|Any CPU.ActiveCfg = Debug|Any CPU
		{13626026-0c8f-d888-f9cc-debd75c3b6e4}.Debug|Any CPU.Build.0 = Debug|Any CPU
	EndGlobalSection
	GlobalSection(SolutionProperties) = preSolution
		HideSolutionNode = FALSE
	EndGlobalSection
EndGlobal
